
Microsoft Visual Studio Solution File, Format Version 12.00
# Visual Studio Version 17
VisualStudioVersion = 17.5.33516.290
MinimumVisualStudioVersion = 10.0.40219.1
Project("{FAE04EC0-301F-11D3-BF4B-00C04F79EFBC}") = "net-calculator-tester", "net-calculator-tester\net-calculator-tester.csproj", "{566CD7ED-1139-4009-AB66-DC718651C6DB}"
EndProject
Project("{FAE04EC0-301F-11D3-BF4B-00C04F79EFBC}") = "test", "test\test.csproj", "{F709DA46-7BB2-4DB8-8DA7-01BF60CD06B7}"
EndProject
Global
	GlobalSection(SolutionConfigurationPlatforms) = preSolution
		Debug|Any CPU = Debug|Any CPU
		Release|Any CPU = Release|Any CPU
	EndGlobalSection
	GlobalSection(ProjectConfigurationPlatforms) = postSolution
		{566CD7ED-1139-4009-AB66-DC718651C6DB}.Debug|Any CPU.ActiveCfg = Debug|Any CPU
		{566CD7ED-1139-4009-AB66-DC718651C6DB}.Debug|Any CPU.Build.0 = Debug|Any CPU
		{566CD7ED-1139-4009-AB66-DC718651C6DB}.Release|Any CPU.ActiveCfg = Release|Any CPU
		{566CD7ED-1139-4009-AB66-DC718651C6DB}.Release|Any CPU.Build.0 = Release|Any CPU
		{F709DA46-7BB2-4DB8-8DA7-01BF60CD06B7}.Debug|Any CPU.ActiveCfg = Debug|Any CPU
		{F709DA46-7BB2-4DB8-8DA7-01BF60CD06B7}.Debug|Any CPU.Build.0 = Debug|Any CPU
		{F709DA46-7BB2-4DB8-8DA7-01BF60CD06B7}.Release|Any CPU.ActiveCfg = Release|Any CPU
		{F709DA46-7BB2-4DB8-8DA7-01BF60CD06B7}.Release|Any CPU.Build.0 = Release|Any CPU
	EndGlobalSection
	GlobalSection(SolutionProperties) = preSolution
		HideSolutionNode = FALSE
	EndGlobalSection
	GlobalSection(ExtensibilityGlobals) = postSolution
		SolutionGuid = {E773489D-79C9-4A91-9279-6EBFEEC2FD23}
	EndGlobalSection
EndGlobal
